
Microsoft Visual Studio Solution File, Format Version 12.00
# Visual Studio Version 17
VisualStudioVersion = 17.6.33829.357
MinimumVisualStudioVersion = 10.0.40219.1
Project("{FAE04EC0-301F-11D3-BF4B-00C04F79EFBC}") = "StudentEnrollmentSystem", "StudentEnrollmentSystem\StudentEnrollmentSystem.csproj", "{DBA238CD-9A0C-4480-A963-6B3CBA41367D}"
EndProject
Global
	GlobalSection(SolutionConfigurationPlatforms) = preSolution
		Debug|Any CPU = Debug|Any CPU
		Release|Any CPU = Release|Any CPU
	EndGlobalSection
	GlobalSection(ProjectConfigurationPlatforms) = postSolution
		{DBA238CD-9A0C-4480-A963-6B3CBA41367D}.Debug|Any CPU.ActiveCfg = Debug|Any CPU
		{DBA238CD-9A0C-4480-A963-6B3CBA41367D}.Debug|Any CPU.Build.0 = Debug|Any CPU
		{DBA238CD-9A0C-4480-A963-6B3CBA41367D}.Release|Any CPU.ActiveCfg = Release|Any CPU
		{DBA238CD-9A0C-4480-A963-6B3CBA41367D}.Release|Any CPU.Build.0 = Release|Any CPU
	EndGlobalSection
	GlobalSection(SolutionProperties) = preSolution
		HideSolutionNode = FALSE
	EndGlobalSection
	GlobalSection(ExtensibilityGlobals) = postSolution
		SolutionGuid = {B30EC555-3594-41FE-8746-2E1C67467F15}
	EndGlobalSection
EndGlobal
